
Microsoft Visual Studio Solution File, Format Version 12.00
# Visual Studio Version 17
VisualStudioVersion = 17.7.34221.43
MinimumVisualStudioVersion = 10.0.40219.1
Project("{FAE04EC0-301F-11D3-BF4B-00C04F79EFBC}") = "Homework4", "Homework4\Homework4.csproj", "{39C711DC-6A10-4F22-BCE9-F5A2201A1EBB}"
EndProject
Global
	GlobalSection(SolutionConfigurationPlatforms) = preSolution
		Debug|Any CPU = Debug|Any CPU
		Release|Any CPU = Release|Any CPU
	EndGlobalSection
	GlobalSection(ProjectConfigurationPlatforms) = postSolution
		{39C711DC-6A10-4F22-BCE9-F5A2201A1EBB}.Debug|Any CPU.ActiveCfg = Debug|Any CPU
		{39C711DC-6A10-4F22-BCE9-F5A2201A1EBB}.Debug|Any CPU.Build.0 = Debug|Any CPU
		{39C711DC-6A10-4F22-BCE9-F5A2201A1EBB}.Release|Any CPU.ActiveCfg = Release|Any CPU
		{39C711DC-6A10-4F22-BCE9-F5A2201A1EBB}.Release|Any CPU.Build.0 = Release|Any CPU
	EndGlobalSection
	GlobalSection(SolutionProperties) = preSolution
		HideSolutionNode = FALSE
	EndGlobalSection
	GlobalSection(ExtensibilityGlobals) = postSolution
		SolutionGuid = {945B27DC-DE7B-4645-A32C-452AF2965D3F}
	EndGlobalSection
EndGlobal
